
Microsoft Visual Studio Solution File, Format Version 12.00
# Visual Studio Version 17
VisualStudioVersion = 17.7.34003.232
MinimumVisualStudioVersion = 10.0.40219.1
Project("{9A19103F-16F7-4668-BE54-9A1E7A4F7556}") = "WolfBlades.ConsoleApp", "WolfBlades.ConsoleApp\WolfBlades.ConsoleApp.csproj", "{8D1DB860-142E-4C5D-8215-9210D7FC5587}"
EndProject
Project("{9A19103F-16F7-4668-BE54-9A1E7A4F7556}") = "WolfBlades.BackEnd", "WolfBlades.BackEnd\WolfBlades.BackEnd.csproj", "{946F71F9-3193-4B5E-A5E4-198E0F912164}"
EndProject
Project("{2150E333-8FDC-42A3-9474-1A3956D46DE8}") = "ForGithub", "ForGithub", "{02FEFC7F-C6DE-4272-9E5F-352D0EE95122}"
	ProjectSection(SolutionItems) = preProject
		.gitattributes = .gitattributes
		.gitignore = .gitignore
		LICENSE.txt = LICENSE.txt
		README.md = README.md
	EndProjectSection
EndProject
Global
	GlobalSection(SolutionConfigurationPlatforms) = preSolution
		Debug|Any CPU = Debug|Any CPU
		Release|Any CPU = Release|Any CPU
	EndGlobalSection
	GlobalSection(ProjectConfigurationPlatforms) = postSolution
		{8D1DB860-142E-4C5D-8215-9210D7FC5587}.Debug|Any CPU.ActiveCfg = Debug|Any CPU
		{8D1DB860-142E-4C5D-8215-9210D7FC5587}.Debug|Any CPU.Build.0 = Debug|Any CPU
		{8D1DB860-142E-4C5D-8215-9210D7FC5587}.Release|Any CPU.ActiveCfg = Release|Any CPU
		{8D1DB860-142E-4C5D-8215-9210D7FC5587}.Release|Any CPU.Build.0 = Release|Any CPU
		{946F71F9-3193-4B5E-A5E4-198E0F912164}.Debug|Any CPU.ActiveCfg = Debug|Any CPU
		{946F71F9-3193-4B5E-A5E4-198E0F912164}.Debug|Any CPU.Build.0 = Debug|Any CPU
		{946F71F9-3193-4B5E-A5E4-198E0F912164}.Release|Any CPU.ActiveCfg = Release|Any CPU
		{946F71F9-3193-4B5E-A5E4-198E0F912164}.Release|Any CPU.Build.0 = Release|Any CPU
	EndGlobalSection
	GlobalSection(SolutionProperties) = preSolution
		HideSolutionNode = FALSE
	EndGlobalSection
	GlobalSection(ExtensibilityGlobals) = postSolution
		SolutionGuid = {362F0105-A029-4FB4-9F53-A27445DE940B}
	EndGlobalSection
EndGlobal
